
Microsoft Visual Studio Solution File, Format Version 12.00
# Visual Studio Version 17
VisualStudioVersion = 17.14.36717.8 d17.14
MinimumVisualStudioVersion = 10.0.40219.1
Project("{8BC9CEB8-8B4A-11D0-8D11-00A0C91BC942}") = "11(3)", "11(3)\11(3).vcxproj", "{C613EE81-99A0-4932-964A-147F52C35378}"
EndProject
Project("{8BC9CEB8-8B4A-11D0-8D11-00A0C91BC942}") = "11(3)test", "11(3)test\11(3)test.vcxproj", "{50135E9E-58CF-EB93-3888-04AE2BDBB36C}"
EndProject
Global
	GlobalSection(SolutionConfigurationPlatforms) = preSolution
		Debug|x64 = Debug|x64
		Debug|x86 = Debug|x86
		Release|x64 = Release|x64
		Release|x86 = Release|x86
	EndGlobalSection
	GlobalSection(ProjectConfigurationPlatforms) = postSolution
		{C613EE81-99A0-4932-964A-147F52C35378}.Debug|x64.ActiveCfg = Debug|x64
		{C613EE81-99A0-4932-964A-147F52C35378}.Debug|x64.Build.0 = Debug|x64
		{C613EE81-99A0-4932-964A-147F52C35378}.Debug|x86.ActiveCfg = Debug|Win32
		{C613EE81-99A0-4932-964A-147F52C35378}.Debug|x86.Build.0 = Debug|Win32
		{C613EE81-99A0-4932-964A-147F52C35378}.Release|x64.ActiveCfg = Release|x64
		{C613EE81-99A0-4932-964A-147F52C35378}.Release|x64.Build.0 = Release|x64
		{C613EE81-99A0-4932-964A-147F52C35378}.Release|x86.ActiveCfg = Release|Win32
		{C613EE81-99A0-4932-964A-147F52C35378}.Release|x86.Build.0 = Release|Win32
		{50135E9E-58CF-EB93-3888-04AE2BDBB36C}.Debug|x64.ActiveCfg = Debug|x64
		{50135E9E-58CF-EB93-3888-04AE2BDBB36C}.Debug|x64.Build.0 = Debug|x64
		{50135E9E-58CF-EB93-3888-04AE2BDBB36C}.Debug|x86.ActiveCfg = Debug|Win32
		{50135E9E-58CF-EB93-3888-04AE2BDBB36C}.Debug|x86.Build.0 = Debug|Win32
		{50135E9E-58CF-EB93-3888-04AE2BDBB36C}.Release|x64.ActiveCfg = Release|x64
		{50135E9E-58CF-EB93-3888-04AE2BDBB36C}.Release|x64.Build.0 = Release|x64
		{50135E9E-58CF-EB93-3888-04AE2BDBB36C}.Release|x86.ActiveCfg = Release|Win32
		{50135E9E-58CF-EB93-3888-04AE2BDBB36C}.Release|x86.Build.0 = Release|Win32
	EndGlobalSection
	GlobalSection(SolutionProperties) = preSolution
		HideSolutionNode = FALSE
	EndGlobalSection
	GlobalSection(ExtensibilityGlobals) = postSolution
		SolutionGuid = {84BBEB01-E863-4406-B49B-765B188E7656}
	EndGlobalSection
EndGlobal
