
Microsoft Visual Studio Solution File, Format Version 12.00
# Visual Studio Version 17
VisualStudioVersion = 17.14.36623.8
MinimumVisualStudioVersion = 10.0.40219.1
Project("{8BC9CEB8-8B4A-11D0-8D11-00A0C91BC942}") = "5.2", "5.2\5.2.vcxproj", "{0C73DE53-1E8F-4DAA-A11A-9578C859CD96}"
EndProject
Project("{8BC9CEB8-8B4A-11D0-8D11-00A0C91BC942}") = "5.2test", "5.2test\5.2test.vcxproj", "{4387003A-43B3-5CE3-38BE-7202BEB770DD}"
EndProject
Global
	GlobalSection(SolutionConfigurationPlatforms) = preSolution
		Debug|x64 = Debug|x64
		Debug|x86 = Debug|x86
		Release|x64 = Release|x64
		Release|x86 = Release|x86
	EndGlobalSection
	GlobalSection(ProjectConfigurationPlatforms) = postSolution
		{0C73DE53-1E8F-4DAA-A11A-9578C859CD96}.Debug|x64.ActiveCfg = Debug|x64
		{0C73DE53-1E8F-4DAA-A11A-9578C859CD96}.Debug|x64.Build.0 = Debug|x64
		{0C73DE53-1E8F-4DAA-A11A-9578C859CD96}.Debug|x86.ActiveCfg = Debug|Win32
		{0C73DE53-1E8F-4DAA-A11A-9578C859CD96}.Debug|x86.Build.0 = Debug|Win32
		{0C73DE53-1E8F-4DAA-A11A-9578C859CD96}.Release|x64.ActiveCfg = Release|x64
		{0C73DE53-1E8F-4DAA-A11A-9578C859CD96}.Release|x64.Build.0 = Release|x64
		{0C73DE53-1E8F-4DAA-A11A-9578C859CD96}.Release|x86.ActiveCfg = Release|Win32
		{0C73DE53-1E8F-4DAA-A11A-9578C859CD96}.Release|x86.Build.0 = Release|Win32
		{4387003A-43B3-5CE3-38BE-7202BEB770DD}.Debug|x64.ActiveCfg = Debug|x64
		{4387003A-43B3-5CE3-38BE-7202BEB770DD}.Debug|x64.Build.0 = Debug|x64
		{4387003A-43B3-5CE3-38BE-7202BEB770DD}.Debug|x86.ActiveCfg = Debug|Win32
		{4387003A-43B3-5CE3-38BE-7202BEB770DD}.Debug|x86.Build.0 = Debug|Win32
		{4387003A-43B3-5CE3-38BE-7202BEB770DD}.Release|x64.ActiveCfg = Release|x64
		{4387003A-43B3-5CE3-38BE-7202BEB770DD}.Release|x64.Build.0 = Release|x64
		{4387003A-43B3-5CE3-38BE-7202BEB770DD}.Release|x86.ActiveCfg = Release|Win32
		{4387003A-43B3-5CE3-38BE-7202BEB770DD}.Release|x86.Build.0 = Release|Win32
	EndGlobalSection
	GlobalSection(SolutionProperties) = preSolution
		HideSolutionNode = FALSE
	EndGlobalSection
	GlobalSection(ExtensibilityGlobals) = postSolution
		SolutionGuid = {7AD7BA3A-1F8C-47B1-93EB-E94A7C1F1602}
	EndGlobalSection
EndGlobal
