
Microsoft Visual Studio Solution File, Format Version 12.00
# Visual Studio Version 17
VisualStudioVersion = 17.14.36623.8
MinimumVisualStudioVersion = 10.0.40219.1
Project("{8BC9CEB8-8B4A-11D0-8D11-00A0C91BC942}") = "5.5", "5.5\5.5.vcxproj", "{8DD3BABE-619F-479B-AAC7-FAFBC87956BA}"
EndProject
Project("{8BC9CEB8-8B4A-11D0-8D11-00A0C91BC942}") = "5.5test", "5.5test\5.5test.vcxproj", "{A0BC6A3E-8526-B714-5AB5-41ADE8DE8CFB}"
EndProject
Global
	GlobalSection(SolutionConfigurationPlatforms) = preSolution
		Debug|x64 = Debug|x64
		Debug|x86 = Debug|x86
		Release|x64 = Release|x64
		Release|x86 = Release|x86
	EndGlobalSection
	GlobalSection(ProjectConfigurationPlatforms) = postSolution
		{8DD3BABE-619F-479B-AAC7-FAFBC87956BA}.Debug|x64.ActiveCfg = Debug|x64
		{8DD3BABE-619F-479B-AAC7-FAFBC87956BA}.Debug|x64.Build.0 = Debug|x64
		{8DD3BABE-619F-479B-AAC7-FAFBC87956BA}.Debug|x86.ActiveCfg = Debug|Win32
		{8DD3BABE-619F-479B-AAC7-FAFBC87956BA}.Debug|x86.Build.0 = Debug|Win32
		{8DD3BABE-619F-479B-AAC7-FAFBC87956BA}.Release|x64.ActiveCfg = Release|x64
		{8DD3BABE-619F-479B-AAC7-FAFBC87956BA}.Release|x64.Build.0 = Release|x64
		{8DD3BABE-619F-479B-AAC7-FAFBC87956BA}.Release|x86.ActiveCfg = Release|Win32
		{8DD3BABE-619F-479B-AAC7-FAFBC87956BA}.Release|x86.Build.0 = Release|Win32
		{A0BC6A3E-8526-B714-5AB5-41ADE8DE8CFB}.Debug|x64.ActiveCfg = Debug|x64
		{A0BC6A3E-8526-B714-5AB5-41ADE8DE8CFB}.Debug|x64.Build.0 = Debug|x64
		{A0BC6A3E-8526-B714-5AB5-41ADE8DE8CFB}.Debug|x86.ActiveCfg = Debug|Win32
		{A0BC6A3E-8526-B714-5AB5-41ADE8DE8CFB}.Debug|x86.Build.0 = Debug|Win32
		{A0BC6A3E-8526-B714-5AB5-41ADE8DE8CFB}.Release|x64.ActiveCfg = Release|x64
		{A0BC6A3E-8526-B714-5AB5-41ADE8DE8CFB}.Release|x64.Build.0 = Release|x64
		{A0BC6A3E-8526-B714-5AB5-41ADE8DE8CFB}.Release|x86.ActiveCfg = Release|Win32
		{A0BC6A3E-8526-B714-5AB5-41ADE8DE8CFB}.Release|x86.Build.0 = Release|Win32
	EndGlobalSection
	GlobalSection(SolutionProperties) = preSolution
		HideSolutionNode = FALSE
	EndGlobalSection
	GlobalSection(ExtensibilityGlobals) = postSolution
		SolutionGuid = {4CF171BA-C983-4D59-B8D0-A03F6A8727F3}
	EndGlobalSection
EndGlobal
