
Microsoft Visual Studio Solution File, Format Version 12.00
# Visual Studio Version 17
VisualStudioVersion = 17.14.36705.20 d17.14
MinimumVisualStudioVersion = 10.0.40219.1
Project("{8BC9CEB8-8B4A-11D0-8D11-00A0C91BC942}") = "R6.3", "R6.3\R6.3.vcxproj", "{927B6B77-5DD6-4247-93D3-68D0C9478B3F}"
EndProject
Project("{8BC9CEB8-8B4A-11D0-8D11-00A0C91BC942}") = "6.3tttttt", "6.3tttttt\6.3tttttt.vcxproj", "{830DDD60-2EC8-A8E2-46E8-F62EAF7F904F}"
EndProject
Global
	GlobalSection(SolutionConfigurationPlatforms) = preSolution
		Debug|x64 = Debug|x64
		Debug|x86 = Debug|x86
		Release|x64 = Release|x64
		Release|x86 = Release|x86
	EndGlobalSection
	GlobalSection(ProjectConfigurationPlatforms) = postSolution
		{927B6B77-5DD6-4247-93D3-68D0C9478B3F}.Debug|x64.ActiveCfg = Debug|x64
		{927B6B77-5DD6-4247-93D3-68D0C9478B3F}.Debug|x64.Build.0 = Debug|x64
		{927B6B77-5DD6-4247-93D3-68D0C9478B3F}.Debug|x86.ActiveCfg = Debug|Win32
		{927B6B77-5DD6-4247-93D3-68D0C9478B3F}.Debug|x86.Build.0 = Debug|Win32
		{927B6B77-5DD6-4247-93D3-68D0C9478B3F}.Release|x64.ActiveCfg = Release|x64
		{927B6B77-5DD6-4247-93D3-68D0C9478B3F}.Release|x64.Build.0 = Release|x64
		{927B6B77-5DD6-4247-93D3-68D0C9478B3F}.Release|x86.ActiveCfg = Release|Win32
		{927B6B77-5DD6-4247-93D3-68D0C9478B3F}.Release|x86.Build.0 = Release|Win32
		{830DDD60-2EC8-A8E2-46E8-F62EAF7F904F}.Debug|x64.ActiveCfg = Debug|x64
		{830DDD60-2EC8-A8E2-46E8-F62EAF7F904F}.Debug|x64.Build.0 = Debug|x64
		{830DDD60-2EC8-A8E2-46E8-F62EAF7F904F}.Debug|x86.ActiveCfg = Debug|Win32
		{830DDD60-2EC8-A8E2-46E8-F62EAF7F904F}.Debug|x86.Build.0 = Debug|Win32
		{830DDD60-2EC8-A8E2-46E8-F62EAF7F904F}.Release|x64.ActiveCfg = Release|x64
		{830DDD60-2EC8-A8E2-46E8-F62EAF7F904F}.Release|x64.Build.0 = Release|x64
		{830DDD60-2EC8-A8E2-46E8-F62EAF7F904F}.Release|x86.ActiveCfg = Release|Win32
		{830DDD60-2EC8-A8E2-46E8-F62EAF7F904F}.Release|x86.Build.0 = Release|Win32
	EndGlobalSection
	GlobalSection(SolutionProperties) = preSolution
		HideSolutionNode = FALSE
	EndGlobalSection
	GlobalSection(ExtensibilityGlobals) = postSolution
		SolutionGuid = {F1772610-A799-43C6-9B8B-719D3CAA39FD}
	EndGlobalSection
EndGlobal
